
Microsoft Visual Studio Solution File, Format Version 12.00
# Visual Studio Version 16
VisualStudioVersion = 16.0.30002.166
MinimumVisualStudioVersion = 10.0.40219.1
Project("{FAE04EC0-301F-11D3-BF4B-00C04F79EFBC}") = "Gulla.Episerver.BlockConverter", "BlockConverter\Gulla.Episerver.BlockConverter.csproj", "{5DA09613-70DE-4928-A545-88D03E2A6FAF}"
EndProject
Global
	GlobalSection(SolutionConfigurationPlatforms) = preSolution
		Debug|Any CPU = Debug|Any CPU
		Release|Any CPU = Release|Any CPU
	EndGlobalSection
	GlobalSection(ProjectConfigurationPlatforms) = postSolution
		{5DA09613-70DE-4928-A545-88D03E2A6FAF}.Debug|Any CPU.ActiveCfg = Debug|Any CPU
		{5DA09613-70DE-4928-A545-88D03E2A6FAF}.Debug|Any CPU.Build.0 = Debug|Any CPU
		{5DA09613-70DE-4928-A545-88D03E2A6FAF}.Release|Any CPU.ActiveCfg = Release|Any CPU
		{5DA09613-70DE-4928-A545-88D03E2A6FAF}.Release|Any CPU.Build.0 = Release|Any CPU
	EndGlobalSection
	GlobalSection(SolutionProperties) = preSolution
		HideSolutionNode = FALSE
	EndGlobalSection
	GlobalSection(ExtensibilityGlobals) = postSolution
		SolutionGuid = {E86AF6ED-B63F-44CA-BF2D-6534482AA261}
	EndGlobalSection
EndGlobal
